
Microsoft Visual Studio Solution File, Format Version 12.00
# Visual Studio Version 16
VisualStudioVersion = 16.0.30104.148
MinimumVisualStudioVersion = 10.0.40219.1
Project("{FAE04EC0-301F-11D3-BF4B-00C04F79EFBC}") = "BRYCOL v0.5", "BRYCOL v0.5.csproj", "{C6FD6381-6CF9-4667-963E-0C52E866B8ED}"
EndProject
Global
	GlobalSection(SolutionConfigurationPlatforms) = preSolution
		Debug|Any CPU = Debug|Any CPU
		Release|Any CPU = Release|Any CPU
	EndGlobalSection
	GlobalSection(ProjectConfigurationPlatforms) = postSolution
		{C6FD6381-6CF9-4667-963E-0C52E866B8ED}.Debug|Any CPU.ActiveCfg = Debug|Any CPU
		{C6FD6381-6CF9-4667-963E-0C52E866B8ED}.Debug|Any CPU.Build.0 = Debug|Any CPU
		{C6FD6381-6CF9-4667-963E-0C52E866B8ED}.Release|Any CPU.ActiveCfg = Release|Any CPU
		{C6FD6381-6CF9-4667-963E-0C52E866B8ED}.Release|Any CPU.Build.0 = Release|Any CPU
	EndGlobalSection
	GlobalSection(SolutionProperties) = preSolution
		HideSolutionNode = FALSE
	EndGlobalSection
	GlobalSection(ExtensibilityGlobals) = postSolution
		SolutionGuid = {4C9C9095-19F6-4EA6-9FA4-DB79E6973675}
	EndGlobalSection
EndGlobal
